
Microsoft Visual Studio Solution File, Format Version 12.00
# Visual Studio 15
VisualStudioVersion = 15.0.27703.2026
MinimumVisualStudioVersion = 10.0.40219.1
Project("{9A19103F-16F7-4668-BE54-9A1E7A4F7556}") = "LibraryWithDependancy", "DependantLibrary\LibraryWithDependancy.csproj", "{6137BA39-1A35-43A6-9CB6-89167E84F63C}"
EndProject
Project("{9A19103F-16F7-4668-BE54-9A1E7A4F7556}") = "BaseLibrary", "BaseLibrary\BaseLibrary.csproj", "{C8B86E9D-0DCD-4177-A0E9-77F4936E7B4E}"
EndProject
Global
	GlobalSection(SolutionConfigurationPlatforms) = preSolution
		Debug|Any CPU = Debug|Any CPU
		Release|Any CPU = Release|Any CPU
	EndGlobalSection
	GlobalSection(ProjectConfigurationPlatforms) = postSolution
		{6137BA39-1A35-43A6-9CB6-89167E84F63C}.Debug|Any CPU.ActiveCfg = Debug|Any CPU
		{6137BA39-1A35-43A6-9CB6-89167E84F63C}.Debug|Any CPU.Build.0 = Debug|Any CPU
		{6137BA39-1A35-43A6-9CB6-89167E84F63C}.Release|Any CPU.ActiveCfg = Release|Any CPU
		{6137BA39-1A35-43A6-9CB6-89167E84F63C}.Release|Any CPU.Build.0 = Release|Any CPU
		{C8B86E9D-0DCD-4177-A0E9-77F4936E7B4E}.Debug|Any CPU.ActiveCfg = Debug|Any CPU
		{C8B86E9D-0DCD-4177-A0E9-77F4936E7B4E}.Debug|Any CPU.Build.0 = Debug|Any CPU
		{C8B86E9D-0DCD-4177-A0E9-77F4936E7B4E}.Release|Any CPU.ActiveCfg = Release|Any CPU
		{C8B86E9D-0DCD-4177-A0E9-77F4936E7B4E}.Release|Any CPU.Build.0 = Release|Any CPU
	EndGlobalSection
	GlobalSection(SolutionProperties) = preSolution
		HideSolutionNode = FALSE
	EndGlobalSection
	GlobalSection(ExtensibilityGlobals) = postSolution
		SolutionGuid = {08CED6A5-6AD9-4A85-A111-BE6D4182AC1E}
	EndGlobalSection
EndGlobal
